
Microsoft Visual Studio Solution File, Format Version 12.00
# Visual Studio Version 16
VisualStudioVersion = 16.0.31229.75
MinimumVisualStudioVersion = 10.0.40219.1
Project("{FAE04EC0-301F-11D3-BF4B-00C04F79EFBC}") = "How good the demon slayer corp really is", "How good the demon slayer corp really is.csproj", "{AF32B4AF-64A9-4FD9-AEC5-88E7A7FF2B13}"
EndProject
Global
	GlobalSection(SolutionConfigurationPlatforms) = preSolution
		Debug|Any CPU = Debug|Any CPU
		Release|Any CPU = Release|Any CPU
	EndGlobalSection
	GlobalSection(ProjectConfigurationPlatforms) = postSolution
		{AF32B4AF-64A9-4FD9-AEC5-88E7A7FF2B13}.Debug|Any CPU.ActiveCfg = Debug|Any CPU
		{AF32B4AF-64A9-4FD9-AEC5-88E7A7FF2B13}.Debug|Any CPU.Build.0 = Debug|Any CPU
		{AF32B4AF-64A9-4FD9-AEC5-88E7A7FF2B13}.Release|Any CPU.ActiveCfg = Release|Any CPU
		{AF32B4AF-64A9-4FD9-AEC5-88E7A7FF2B13}.Release|Any CPU.Build.0 = Release|Any CPU
	EndGlobalSection
	GlobalSection(SolutionProperties) = preSolution
		HideSolutionNode = FALSE
	EndGlobalSection
	GlobalSection(ExtensibilityGlobals) = postSolution
		SolutionGuid = {BDA83170-81E7-4B65-8915-22693F7E4261}
	EndGlobalSection
EndGlobal
